
Microsoft Visual Studio Solution File, Format Version 12.00
# Visual Studio 15
VisualStudioVersion = 15.0.28307.489
MinimumVisualStudioVersion = 10.0.40219.1
Project("{FAE04EC0-301F-11D3-BF4B-00C04F79EFBC}") = "AnteeoExchanger", "AnteeoExchanger\AnteeoExchanger.csproj", "{58F97634-789C-4C3F-A1C5-A9291C7EC177}"
EndProject
Global
	GlobalSection(SolutionConfigurationPlatforms) = preSolution
		Debug|Any CPU = Debug|Any CPU
		Release|Any CPU = Release|Any CPU
	EndGlobalSection
	GlobalSection(ProjectConfigurationPlatforms) = postSolution
		{58F97634-789C-4C3F-A1C5-A9291C7EC177}.Debug|Any CPU.ActiveCfg = Debug|Any CPU
		{58F97634-789C-4C3F-A1C5-A9291C7EC177}.Debug|Any CPU.Build.0 = Debug|Any CPU
		{58F97634-789C-4C3F-A1C5-A9291C7EC177}.Release|Any CPU.ActiveCfg = Release|Any CPU
		{58F97634-789C-4C3F-A1C5-A9291C7EC177}.Release|Any CPU.Build.0 = Release|Any CPU
	EndGlobalSection
	GlobalSection(SolutionProperties) = preSolution
		HideSolutionNode = FALSE
	EndGlobalSection
	GlobalSection(ExtensibilityGlobals) = postSolution
		SolutionGuid = {D1B5B520-D06F-4C78-9779-7656BE3A270F}
	EndGlobalSection
EndGlobal
